
Microsoft Visual Studio Solution File, Format Version 12.00
# Visual Studio Version 17
VisualStudioVersion = 17.2.32519.379
MinimumVisualStudioVersion = 10.0.40219.1
Project("{FAE04EC0-301F-11D3-BF4B-00C04F79EFBC}") = "EmployeesAPI", "EmployeesAPI\EmployeesAPI.csproj", "{FB70EBA3-2F46-45BD-B25C-C4E6982636C5}"
EndProject
Project("{FAE04EC0-301F-11D3-BF4B-00C04F79EFBC}") = "EmployeesAPI_Tests", "EmployeesAPI_Tests\EmployeesAPI_Tests.csproj", "{2DD4CE6A-D0EA-4877-BACB-E18E9355B2C1}"
EndProject
Global
	GlobalSection(SolutionConfigurationPlatforms) = preSolution
		Debug|Any CPU = Debug|Any CPU
		Release|Any CPU = Release|Any CPU
	EndGlobalSection
	GlobalSection(ProjectConfigurationPlatforms) = postSolution
		{FB70EBA3-2F46-45BD-B25C-C4E6982636C5}.Debug|Any CPU.ActiveCfg = Debug|Any CPU
		{FB70EBA3-2F46-45BD-B25C-C4E6982636C5}.Debug|Any CPU.Build.0 = Debug|Any CPU
		{FB70EBA3-2F46-45BD-B25C-C4E6982636C5}.Release|Any CPU.ActiveCfg = Release|Any CPU
		{FB70EBA3-2F46-45BD-B25C-C4E6982636C5}.Release|Any CPU.Build.0 = Release|Any CPU
		{2DD4CE6A-D0EA-4877-BACB-E18E9355B2C1}.Debug|Any CPU.ActiveCfg = Debug|Any CPU
		{2DD4CE6A-D0EA-4877-BACB-E18E9355B2C1}.Debug|Any CPU.Build.0 = Debug|Any CPU
		{2DD4CE6A-D0EA-4877-BACB-E18E9355B2C1}.Release|Any CPU.ActiveCfg = Release|Any CPU
		{2DD4CE6A-D0EA-4877-BACB-E18E9355B2C1}.Release|Any CPU.Build.0 = Release|Any CPU
	EndGlobalSection
	GlobalSection(SolutionProperties) = preSolution
		HideSolutionNode = FALSE
	EndGlobalSection
	GlobalSection(ExtensibilityGlobals) = postSolution
		SolutionGuid = {0F791A3E-4E62-45AE-9C6F-756A4D11879D}
	EndGlobalSection
EndGlobal
